
Microsoft Visual Studio Solution File, Format Version 12.00
# Visual Studio 2013
VisualStudioVersion = 12.0.21005.1
MinimumVisualStudioVersion = 10.0.40219.1
Project("{FAE04EC0-301F-11D3-BF4B-00C04F79EFBC}") = "Cooking", "Cooking\Cooking.csproj", "{82D0B9FC-5FF5-4026-9F77-AD53301525DA}"
EndProject
Project("{FAE04EC0-301F-11D3-BF4B-00C04F79EFBC}") = "IfStatements", "IfStatements\IfStatements.csproj", "{6F6D3A4C-7B64-4312-807C-796C6DEDFCB6}"
EndProject
Project("{FAE04EC0-301F-11D3-BF4B-00C04F79EFBC}") = "FindValue", "FindValue\FindValue.csproj", "{8F22D4D8-8184-4402-AFC5-D5FF71F9C9DB}"
EndProject
Global
	GlobalSection(SolutionConfigurationPlatforms) = preSolution
		Debug|Any CPU = Debug|Any CPU
		Release|Any CPU = Release|Any CPU
	EndGlobalSection
	GlobalSection(ProjectConfigurationPlatforms) = postSolution
		{82D0B9FC-5FF5-4026-9F77-AD53301525DA}.Debug|Any CPU.ActiveCfg = Debug|Any CPU
		{82D0B9FC-5FF5-4026-9F77-AD53301525DA}.Debug|Any CPU.Build.0 = Debug|Any CPU
		{82D0B9FC-5FF5-4026-9F77-AD53301525DA}.Release|Any CPU.ActiveCfg = Release|Any CPU
		{82D0B9FC-5FF5-4026-9F77-AD53301525DA}.Release|Any CPU.Build.0 = Release|Any CPU
		{6F6D3A4C-7B64-4312-807C-796C6DEDFCB6}.Debug|Any CPU.ActiveCfg = Debug|Any CPU
		{6F6D3A4C-7B64-4312-807C-796C6DEDFCB6}.Debug|Any CPU.Build.0 = Debug|Any CPU
		{6F6D3A4C-7B64-4312-807C-796C6DEDFCB6}.Release|Any CPU.ActiveCfg = Release|Any CPU
		{6F6D3A4C-7B64-4312-807C-796C6DEDFCB6}.Release|Any CPU.Build.0 = Release|Any CPU
		{8F22D4D8-8184-4402-AFC5-D5FF71F9C9DB}.Debug|Any CPU.ActiveCfg = Debug|Any CPU
		{8F22D4D8-8184-4402-AFC5-D5FF71F9C9DB}.Debug|Any CPU.Build.0 = Debug|Any CPU
		{8F22D4D8-8184-4402-AFC5-D5FF71F9C9DB}.Release|Any CPU.ActiveCfg = Release|Any CPU
		{8F22D4D8-8184-4402-AFC5-D5FF71F9C9DB}.Release|Any CPU.Build.0 = Release|Any CPU
	EndGlobalSection
	GlobalSection(SolutionProperties) = preSolution
		HideSolutionNode = FALSE
	EndGlobalSection
EndGlobal
