
Microsoft Visual Studio Solution File, Format Version 12.00
# Visual Studio 2012
Project("{FAE04EC0-301F-11D3-BF4B-00C04F79EFBC}") = "01. InitializeArray", "01. InitializeArray\01. InitializeArray.csproj", "{37177225-DCE8-4B2D-BD52-7F5AD62A0897}"
EndProject
Project("{FAE04EC0-301F-11D3-BF4B-00C04F79EFBC}") = "02. CompareArrays", "02. CompareArrays\02. CompareArrays.csproj", "{7A5C06FD-BDDA-46D6-924D-C00EC98C31F0}"
EndProject
Project("{FAE04EC0-301F-11D3-BF4B-00C04F79EFBC}") = "03. CompareCharArrays", "03. CompareCharArrays\03. CompareCharArrays.csproj", "{E0FABE9A-0311-4067-BF3C-50568FA1562A}"
EndProject
Project("{FAE04EC0-301F-11D3-BF4B-00C04F79EFBC}") = "04. MaximalSequence", "04. MaximalSequence\04. MaximalSequence.csproj", "{19058D18-59B6-4885-A727-1405CDB5C006}"
EndProject
Project("{FAE04EC0-301F-11D3-BF4B-00C04F79EFBC}") = "05. MaxIncreasingSequence", "05. MaxIncreasingSequence\05. MaxIncreasingSequence.csproj", "{C615E485-9C80-4E1C-9DBC-B0CF643FA830}"
EndProject
Project("{FAE04EC0-301F-11D3-BF4B-00C04F79EFBC}") = "06. MaximalSumOfElements", "06. MaximalSumOfElements\06. MaximalSumOfElements.csproj", "{BBEDD199-5C43-4AB8-AC0E-66C84377F1CD}"
EndProject
Project("{FAE04EC0-301F-11D3-BF4B-00C04F79EFBC}") = "07. SelectionSort", "07. SelectionSort\07. SelectionSort.csproj", "{232274C9-D9BC-45B8-B298-264BF488E87C}"
EndProject
Project("{FAE04EC0-301F-11D3-BF4B-00C04F79EFBC}") = "08. SequenceOfMaximalSum", "08. SequenceOfMaximalSum\08. SequenceOfMaximalSum.csproj", "{90F83DC3-8D7E-4421-BA64-40D2362CB6E7}"
EndProject
Project("{FAE04EC0-301F-11D3-BF4B-00C04F79EFBC}") = "09. MostFrequentNumber", "09. MostFrequentNumber\09. MostFrequentNumber.csproj", "{09B5E801-E900-47F6-9636-33A164E77A32}"
EndProject
Project("{FAE04EC0-301F-11D3-BF4B-00C04F79EFBC}") = "10. SequenceOfGivenSum", "10. SequenceOfGivenSum\10. SequenceOfGivenSum.csproj", "{10126703-636C-4F09-886E-BCB362958547}"
EndProject
Project("{FAE04EC0-301F-11D3-BF4B-00C04F79EFBC}") = "11. BinarySearch", "11. BinarySearch\11. BinarySearch.csproj", "{B7794C78-0621-4F36-912A-565D91F92D79}"
EndProject
Project("{FAE04EC0-301F-11D3-BF4B-00C04F79EFBC}") = "12. LettersIndex", "12. LettersIndex\12. LettersIndex.csproj", "{D13EC67C-1AC1-4B71-B3E1-23E51164D00D}"
EndProject
Project("{FAE04EC0-301F-11D3-BF4B-00C04F79EFBC}") = "13. MergeSort", "13. MergeSort\13. MergeSort.csproj", "{68216BC5-86AD-4FA3-9836-8B4B070E259E}"
EndProject
Project("{FAE04EC0-301F-11D3-BF4B-00C04F79EFBC}") = "14. QuickSort", "14. QuickSort\14. QuickSort.csproj", "{6891CCAB-B6EE-4A41-9D51-D8C00995A3C1}"
EndProject
Project("{FAE04EC0-301F-11D3-BF4B-00C04F79EFBC}") = "15. PrimeNumbers", "15. PrimeNumbers\15. PrimeNumbers.csproj", "{544BB10C-2238-44EA-8F29-0F490DB44E22}"
EndProject
Project("{FAE04EC0-301F-11D3-BF4B-00C04F79EFBC}") = "16. FindSubsetWithSumS", "16. FindSubsetWithSumS\16. FindSubsetWithSumS.csproj", "{84715FF7-49C9-4B3E-9D82-487A1F450361}"
EndProject
Project("{FAE04EC0-301F-11D3-BF4B-00C04F79EFBC}") = "17. SumOfSubsetOfKElements", "17. SumOfSubsetOfKElements\17. SumOfSubsetOfKElements.csproj", "{086A549E-2B15-42A1-902C-C68A4ED8E990}"
EndProject
Project("{FAE04EC0-301F-11D3-BF4B-00C04F79EFBC}") = "20. Variations", "20. Variations\20. Variations.csproj", "{95CE74D4-D161-4563-A4DE-FBB23933D375}"
EndProject
Project("{FAE04EC0-301F-11D3-BF4B-00C04F79EFBC}") = "21. Combinations", "21. Combinations\21. Combinations.csproj", "{5E435966-E009-4402-BB38-50903C0BFB21}"
EndProject
Project("{FAE04EC0-301F-11D3-BF4B-00C04F79EFBC}") = "19. Permutations", "19. Permutations\19. Permutations.csproj", "{6C2512E5-DF84-4EA2-AC25-EBDC944C4905}"
EndProject
Global
	GlobalSection(SolutionConfigurationPlatforms) = preSolution
		Debug|Any CPU = Debug|Any CPU
		Release|Any CPU = Release|Any CPU
	EndGlobalSection
	GlobalSection(ProjectConfigurationPlatforms) = postSolution
		{37177225-DCE8-4B2D-BD52-7F5AD62A0897}.Debug|Any CPU.ActiveCfg = Debug|Any CPU
		{37177225-DCE8-4B2D-BD52-7F5AD62A0897}.Debug|Any CPU.Build.0 = Debug|Any CPU
		{37177225-DCE8-4B2D-BD52-7F5AD62A0897}.Release|Any CPU.ActiveCfg = Release|Any CPU
		{37177225-DCE8-4B2D-BD52-7F5AD62A0897}.Release|Any CPU.Build.0 = Release|Any CPU
		{7A5C06FD-BDDA-46D6-924D-C00EC98C31F0}.Debug|Any CPU.ActiveCfg = Debug|Any CPU
		{7A5C06FD-BDDA-46D6-924D-C00EC98C31F0}.Debug|Any CPU.Build.0 = Debug|Any CPU
		{7A5C06FD-BDDA-46D6-924D-C00EC98C31F0}.Release|Any CPU.ActiveCfg = Release|Any CPU
		{7A5C06FD-BDDA-46D6-924D-C00EC98C31F0}.Release|Any CPU.Build.0 = Release|Any CPU
		{E0FABE9A-0311-4067-BF3C-50568FA1562A}.Debug|Any CPU.ActiveCfg = Debug|Any CPU
		{E0FABE9A-0311-4067-BF3C-50568FA1562A}.Debug|Any CPU.Build.0 = Debug|Any CPU
		{E0FABE9A-0311-4067-BF3C-50568FA1562A}.Release|Any CPU.ActiveCfg = Release|Any CPU
		{E0FABE9A-0311-4067-BF3C-50568FA1562A}.Release|Any CPU.Build.0 = Release|Any CPU
		{19058D18-59B6-4885-A727-1405CDB5C006}.Debug|Any CPU.ActiveCfg = Debug|Any CPU
		{19058D18-59B6-4885-A727-1405CDB5C006}.Debug|Any CPU.Build.0 = Debug|Any CPU
		{19058D18-59B6-4885-A727-1405CDB5C006}.Release|Any CPU.ActiveCfg = Release|Any CPU
		{19058D18-59B6-4885-A727-1405CDB5C006}.Release|Any CPU.Build.0 = Release|Any CPU
		{C615E485-9C80-4E1C-9DBC-B0CF643FA830}.Debug|Any CPU.ActiveCfg = Debug|Any CPU
		{C615E485-9C80-4E1C-9DBC-B0CF643FA830}.Debug|Any CPU.Build.0 = Debug|Any CPU
		{C615E485-9C80-4E1C-9DBC-B0CF643FA830}.Release|Any CPU.ActiveCfg = Release|Any CPU
		{C615E485-9C80-4E1C-9DBC-B0CF643FA830}.Release|Any CPU.Build.0 = Release|Any CPU
		{BBEDD199-5C43-4AB8-AC0E-66C84377F1CD}.Debug|Any CPU.ActiveCfg = Debug|Any CPU
		{BBEDD199-5C43-4AB8-AC0E-66C84377F1CD}.Debug|Any CPU.Build.0 = Debug|Any CPU
		{BBEDD199-5C43-4AB8-AC0E-66C84377F1CD}.Release|Any CPU.ActiveCfg = Release|Any CPU
		{BBEDD199-5C43-4AB8-AC0E-66C84377F1CD}.Release|Any CPU.Build.0 = Release|Any CPU
		{232274C9-D9BC-45B8-B298-264BF488E87C}.Debug|Any CPU.ActiveCfg = Debug|Any CPU
		{232274C9-D9BC-45B8-B298-264BF488E87C}.Debug|Any CPU.Build.0 = Debug|Any CPU
		{232274C9-D9BC-45B8-B298-264BF488E87C}.Release|Any CPU.ActiveCfg = Release|Any CPU
		{232274C9-D9BC-45B8-B298-264BF488E87C}.Release|Any CPU.Build.0 = Release|Any CPU
		{90F83DC3-8D7E-4421-BA64-40D2362CB6E7}.Debug|Any CPU.ActiveCfg = Debug|Any CPU
		{90F83DC3-8D7E-4421-BA64-40D2362CB6E7}.Debug|Any CPU.Build.0 = Debug|Any CPU
		{90F83DC3-8D7E-4421-BA64-40D2362CB6E7}.Release|Any CPU.ActiveCfg = Release|Any CPU
		{90F83DC3-8D7E-4421-BA64-40D2362CB6E7}.Release|Any CPU.Build.0 = Release|Any CPU
		{09B5E801-E900-47F6-9636-33A164E77A32}.Debug|Any CPU.ActiveCfg = Debug|Any CPU
		{09B5E801-E900-47F6-9636-33A164E77A32}.Debug|Any CPU.Build.0 = Debug|Any CPU
		{09B5E801-E900-47F6-9636-33A164E77A32}.Release|Any CPU.ActiveCfg = Release|Any CPU
		{09B5E801-E900-47F6-9636-33A164E77A32}.Release|Any CPU.Build.0 = Release|Any CPU
		{10126703-636C-4F09-886E-BCB362958547}.Debug|Any CPU.ActiveCfg = Debug|Any CPU
		{10126703-636C-4F09-886E-BCB362958547}.Debug|Any CPU.Build.0 = Debug|Any CPU
		{10126703-636C-4F09-886E-BCB362958547}.Release|Any CPU.ActiveCfg = Release|Any CPU
		{10126703-636C-4F09-886E-BCB362958547}.Release|Any CPU.Build.0 = Release|Any CPU
		{B7794C78-0621-4F36-912A-565D91F92D79}.Debug|Any CPU.ActiveCfg = Debug|Any CPU
		{B7794C78-0621-4F36-912A-565D91F92D79}.Debug|Any CPU.Build.0 = Debug|Any CPU
		{B7794C78-0621-4F36-912A-565D91F92D79}.Release|Any CPU.ActiveCfg = Release|Any CPU
		{B7794C78-0621-4F36-912A-565D91F92D79}.Release|Any CPU.Build.0 = Release|Any CPU
		{D13EC67C-1AC1-4B71-B3E1-23E51164D00D}.Debug|Any CPU.ActiveCfg = Debug|Any CPU
		{D13EC67C-1AC1-4B71-B3E1-23E51164D00D}.Debug|Any CPU.Build.0 = Debug|Any CPU
		{D13EC67C-1AC1-4B71-B3E1-23E51164D00D}.Release|Any CPU.ActiveCfg = Release|Any CPU
		{D13EC67C-1AC1-4B71-B3E1-23E51164D00D}.Release|Any CPU.Build.0 = Release|Any CPU
		{68216BC5-86AD-4FA3-9836-8B4B070E259E}.Debug|Any CPU.ActiveCfg = Debug|Any CPU
		{68216BC5-86AD-4FA3-9836-8B4B070E259E}.Debug|Any CPU.Build.0 = Debug|Any CPU
		{68216BC5-86AD-4FA3-9836-8B4B070E259E}.Release|Any CPU.ActiveCfg = Release|Any CPU
		{68216BC5-86AD-4FA3-9836-8B4B070E259E}.Release|Any CPU.Build.0 = Release|Any CPU
		{6891CCAB-B6EE-4A41-9D51-D8C00995A3C1}.Debug|Any CPU.ActiveCfg = Debug|Any CPU
		{6891CCAB-B6EE-4A41-9D51-D8C00995A3C1}.Debug|Any CPU.Build.0 = Debug|Any CPU
		{6891CCAB-B6EE-4A41-9D51-D8C00995A3C1}.Release|Any CPU.ActiveCfg = Release|Any CPU
		{6891CCAB-B6EE-4A41-9D51-D8C00995A3C1}.Release|Any CPU.Build.0 = Release|Any CPU
		{544BB10C-2238-44EA-8F29-0F490DB44E22}.Debug|Any CPU.ActiveCfg = Debug|Any CPU
		{544BB10C-2238-44EA-8F29-0F490DB44E22}.Debug|Any CPU.Build.0 = Debug|Any CPU
		{544BB10C-2238-44EA-8F29-0F490DB44E22}.Release|Any CPU.ActiveCfg = Release|Any CPU
		{544BB10C-2238-44EA-8F29-0F490DB44E22}.Release|Any CPU.Build.0 = Release|Any CPU
		{84715FF7-49C9-4B3E-9D82-487A1F450361}.Debug|Any CPU.ActiveCfg = Debug|Any CPU
		{84715FF7-49C9-4B3E-9D82-487A1F450361}.Debug|Any CPU.Build.0 = Debug|Any CPU
		{84715FF7-49C9-4B3E-9D82-487A1F450361}.Release|Any CPU.ActiveCfg = Release|Any CPU
		{84715FF7-49C9-4B3E-9D82-487A1F450361}.Release|Any CPU.Build.0 = Release|Any CPU
		{086A549E-2B15-42A1-902C-C68A4ED8E990}.Debug|Any CPU.ActiveCfg = Debug|Any CPU
		{086A549E-2B15-42A1-902C-C68A4ED8E990}.Debug|Any CPU.Build.0 = Debug|Any CPU
		{086A549E-2B15-42A1-902C-C68A4ED8E990}.Release|Any CPU.ActiveCfg = Release|Any CPU
		{086A549E-2B15-42A1-902C-C68A4ED8E990}.Release|Any CPU.Build.0 = Release|Any CPU
		{95CE74D4-D161-4563-A4DE-FBB23933D375}.Debug|Any CPU.ActiveCfg = Debug|Any CPU
		{95CE74D4-D161-4563-A4DE-FBB23933D375}.Debug|Any CPU.Build.0 = Debug|Any CPU
		{95CE74D4-D161-4563-A4DE-FBB23933D375}.Release|Any CPU.ActiveCfg = Release|Any CPU
		{95CE74D4-D161-4563-A4DE-FBB23933D375}.Release|Any CPU.Build.0 = Release|Any CPU
		{5E435966-E009-4402-BB38-50903C0BFB21}.Debug|Any CPU.ActiveCfg = Debug|Any CPU
		{5E435966-E009-4402-BB38-50903C0BFB21}.Debug|Any CPU.Build.0 = Debug|Any CPU
		{5E435966-E009-4402-BB38-50903C0BFB21}.Release|Any CPU.ActiveCfg = Release|Any CPU
		{5E435966-E009-4402-BB38-50903C0BFB21}.Release|Any CPU.Build.0 = Release|Any CPU
		{6C2512E5-DF84-4EA2-AC25-EBDC944C4905}.Debug|Any CPU.ActiveCfg = Debug|Any CPU
		{6C2512E5-DF84-4EA2-AC25-EBDC944C4905}.Debug|Any CPU.Build.0 = Debug|Any CPU
		{6C2512E5-DF84-4EA2-AC25-EBDC944C4905}.Release|Any CPU.ActiveCfg = Release|Any CPU
		{6C2512E5-DF84-4EA2-AC25-EBDC944C4905}.Release|Any CPU.Build.0 = Release|Any CPU
	EndGlobalSection
	GlobalSection(SolutionProperties) = preSolution
		HideSolutionNode = FALSE
	EndGlobalSection
EndGlobal
