
Microsoft Visual Studio Solution File, Format Version 12.00
# Visual Studio 2012
Project("{FAE04EC0-301F-11D3-BF4B-00C04F79EFBC}") = "01. Shapes", "01. Shapes\01. Shapes.csproj", "{03D27B20-DC7B-49B9-A224-E426D2130883}"
EndProject
Project("{FAE04EC0-301F-11D3-BF4B-00C04F79EFBC}") = "02. BankSystem", "02. BankSystem\02. BankSystem.csproj", "{0BE4AEE6-6F99-4AD5-83CD-67208B954971}"
EndProject
Project("{FAE04EC0-301F-11D3-BF4B-00C04F79EFBC}") = "03. RangeException", "03. RangeException\03. RangeException.csproj", "{79C63881-AC6C-4C1B-A69E-52847B2B1229}"
EndProject
Global
	GlobalSection(SolutionConfigurationPlatforms) = preSolution
		Debug|Any CPU = Debug|Any CPU
		Release|Any CPU = Release|Any CPU
	EndGlobalSection
	GlobalSection(ProjectConfigurationPlatforms) = postSolution
		{03D27B20-DC7B-49B9-A224-E426D2130883}.Debug|Any CPU.ActiveCfg = Debug|Any CPU
		{03D27B20-DC7B-49B9-A224-E426D2130883}.Debug|Any CPU.Build.0 = Debug|Any CPU
		{03D27B20-DC7B-49B9-A224-E426D2130883}.Release|Any CPU.ActiveCfg = Release|Any CPU
		{03D27B20-DC7B-49B9-A224-E426D2130883}.Release|Any CPU.Build.0 = Release|Any CPU
		{0BE4AEE6-6F99-4AD5-83CD-67208B954971}.Debug|Any CPU.ActiveCfg = Debug|Any CPU
		{0BE4AEE6-6F99-4AD5-83CD-67208B954971}.Debug|Any CPU.Build.0 = Debug|Any CPU
		{0BE4AEE6-6F99-4AD5-83CD-67208B954971}.Release|Any CPU.ActiveCfg = Release|Any CPU
		{0BE4AEE6-6F99-4AD5-83CD-67208B954971}.Release|Any CPU.Build.0 = Release|Any CPU
		{79C63881-AC6C-4C1B-A69E-52847B2B1229}.Debug|Any CPU.ActiveCfg = Debug|Any CPU
		{79C63881-AC6C-4C1B-A69E-52847B2B1229}.Debug|Any CPU.Build.0 = Debug|Any CPU
		{79C63881-AC6C-4C1B-A69E-52847B2B1229}.Release|Any CPU.ActiveCfg = Release|Any CPU
		{79C63881-AC6C-4C1B-A69E-52847B2B1229}.Release|Any CPU.Build.0 = Release|Any CPU
	EndGlobalSection
	GlobalSection(SolutionProperties) = preSolution
		HideSolutionNode = FALSE
	EndGlobalSection
EndGlobal
