
Microsoft Visual Studio Solution File, Format Version 12.00
# Visual Studio 2012
Project("{FAE04EC0-301F-11D3-BF4B-00C04F79EFBC}") = "01. LeapYear", "01. LeapYear\01. LeapYear.csproj", "{D11B438E-B2D5-4757-A6B0-B5DD669F94B9}"
EndProject
Project("{FAE04EC0-301F-11D3-BF4B-00C04F79EFBC}") = "02. RandomValues", "02. RandomValues\02. RandomValues.csproj", "{656E1F9B-351F-4D13-841F-E92E0B5098A2}"
EndProject
Project("{FAE04EC0-301F-11D3-BF4B-00C04F79EFBC}") = "03. TodayIs", "03. TodayIs\03. TodayIs.csproj", "{B0305E04-DA1F-43D2-82C1-46E24A56963A}"
EndProject
Project("{FAE04EC0-301F-11D3-BF4B-00C04F79EFBC}") = "04. TriangleSurface", "04. TriangleSurface\04. TriangleSurface.csproj", "{DAD0FF59-830A-4B08-87C6-1350BF6FA55A}"
EndProject
Project("{FAE04EC0-301F-11D3-BF4B-00C04F79EFBC}") = "05. WorkDays", "05. WorkDays\05. WorkDays.csproj", "{656DCE8A-EF5E-47DB-A6E6-D23E640D2B9F}"
EndProject
Project("{FAE04EC0-301F-11D3-BF4B-00C04F79EFBC}") = "06. SplitAndSum", "06. SplitAndSum\06. SplitAndSum.csproj", "{1616E9D6-C770-409B-B9E9-EE7C8DB2E62D}"
EndProject
Project("{FAE04EC0-301F-11D3-BF4B-00C04F79EFBC}") = "07. ArithmeticalExpression", "07. ArithmeticalExpression\07. ArithmeticalExpression.csproj", "{9A5D2B72-D267-40C6-BFBA-1DEDDC4EC8D7}"
EndProject
Global
	GlobalSection(SolutionConfigurationPlatforms) = preSolution
		Debug|Any CPU = Debug|Any CPU
		Release|Any CPU = Release|Any CPU
	EndGlobalSection
	GlobalSection(ProjectConfigurationPlatforms) = postSolution
		{D11B438E-B2D5-4757-A6B0-B5DD669F94B9}.Debug|Any CPU.ActiveCfg = Debug|Any CPU
		{D11B438E-B2D5-4757-A6B0-B5DD669F94B9}.Debug|Any CPU.Build.0 = Debug|Any CPU
		{D11B438E-B2D5-4757-A6B0-B5DD669F94B9}.Release|Any CPU.ActiveCfg = Release|Any CPU
		{D11B438E-B2D5-4757-A6B0-B5DD669F94B9}.Release|Any CPU.Build.0 = Release|Any CPU
		{656E1F9B-351F-4D13-841F-E92E0B5098A2}.Debug|Any CPU.ActiveCfg = Debug|Any CPU
		{656E1F9B-351F-4D13-841F-E92E0B5098A2}.Debug|Any CPU.Build.0 = Debug|Any CPU
		{656E1F9B-351F-4D13-841F-E92E0B5098A2}.Release|Any CPU.ActiveCfg = Release|Any CPU
		{656E1F9B-351F-4D13-841F-E92E0B5098A2}.Release|Any CPU.Build.0 = Release|Any CPU
		{B0305E04-DA1F-43D2-82C1-46E24A56963A}.Debug|Any CPU.ActiveCfg = Debug|Any CPU
		{B0305E04-DA1F-43D2-82C1-46E24A56963A}.Debug|Any CPU.Build.0 = Debug|Any CPU
		{B0305E04-DA1F-43D2-82C1-46E24A56963A}.Release|Any CPU.ActiveCfg = Release|Any CPU
		{B0305E04-DA1F-43D2-82C1-46E24A56963A}.Release|Any CPU.Build.0 = Release|Any CPU
		{DAD0FF59-830A-4B08-87C6-1350BF6FA55A}.Debug|Any CPU.ActiveCfg = Debug|Any CPU
		{DAD0FF59-830A-4B08-87C6-1350BF6FA55A}.Debug|Any CPU.Build.0 = Debug|Any CPU
		{DAD0FF59-830A-4B08-87C6-1350BF6FA55A}.Release|Any CPU.ActiveCfg = Release|Any CPU
		{DAD0FF59-830A-4B08-87C6-1350BF6FA55A}.Release|Any CPU.Build.0 = Release|Any CPU
		{656DCE8A-EF5E-47DB-A6E6-D23E640D2B9F}.Debug|Any CPU.ActiveCfg = Debug|Any CPU
		{656DCE8A-EF5E-47DB-A6E6-D23E640D2B9F}.Debug|Any CPU.Build.0 = Debug|Any CPU
		{656DCE8A-EF5E-47DB-A6E6-D23E640D2B9F}.Release|Any CPU.ActiveCfg = Release|Any CPU
		{656DCE8A-EF5E-47DB-A6E6-D23E640D2B9F}.Release|Any CPU.Build.0 = Release|Any CPU
		{1616E9D6-C770-409B-B9E9-EE7C8DB2E62D}.Debug|Any CPU.ActiveCfg = Debug|Any CPU
		{1616E9D6-C770-409B-B9E9-EE7C8DB2E62D}.Debug|Any CPU.Build.0 = Debug|Any CPU
		{1616E9D6-C770-409B-B9E9-EE7C8DB2E62D}.Release|Any CPU.ActiveCfg = Release|Any CPU
		{1616E9D6-C770-409B-B9E9-EE7C8DB2E62D}.Release|Any CPU.Build.0 = Release|Any CPU
		{9A5D2B72-D267-40C6-BFBA-1DEDDC4EC8D7}.Debug|Any CPU.ActiveCfg = Debug|Any CPU
		{9A5D2B72-D267-40C6-BFBA-1DEDDC4EC8D7}.Debug|Any CPU.Build.0 = Debug|Any CPU
		{9A5D2B72-D267-40C6-BFBA-1DEDDC4EC8D7}.Release|Any CPU.ActiveCfg = Release|Any CPU
		{9A5D2B72-D267-40C6-BFBA-1DEDDC4EC8D7}.Release|Any CPU.Build.0 = Release|Any CPU
	EndGlobalSection
	GlobalSection(SolutionProperties) = preSolution
		HideSolutionNode = FALSE
	EndGlobalSection
EndGlobal
