
Microsoft Visual Studio Solution File, Format Version 12.00
# Visual Studio 2012
Project("{FAE04EC0-301F-11D3-BF4B-00C04F79EFBC}") = "01. SumThreeIntegers", "01. SumThreeIntegers\01. SumThreeIntegers.csproj", "{1E5BB35A-1B11-4923-AF48-154FFD4C8D8E}"
EndProject
Project("{FAE04EC0-301F-11D3-BF4B-00C04F79EFBC}") = "02. CalculatePerimeterAndRadius", "02. CalculatePerimeterAndRadius\02. CalculatePerimeterAndRadius.csproj", "{0D33CF37-A0CE-4014-90CE-1FF78D52726A}"
EndProject
Project("{FAE04EC0-301F-11D3-BF4B-00C04F79EFBC}") = "03. ReadCompanyInfo", "03. ReadCompanyInfo\03. ReadCompanyInfo.csproj", "{11EE6082-308D-41F2-9AF0-06F0B118BD88}"
EndProject
Project("{FAE04EC0-301F-11D3-BF4B-00C04F79EFBC}") = "04. HowManyNubersExist", "04. HowManyNubersExist\04. HowManyNubersExist.csproj", "{228D12A7-CF0E-4202-ACE9-2DACA5D40DF9}"
EndProject
Project("{FAE04EC0-301F-11D3-BF4B-00C04F79EFBC}") = "05. GreaterNumber", "05. GreaterNumber\05. GreaterNumber.csproj", "{20C7C45E-84EE-415B-A483-3F648D642AA9}"
EndProject
Project("{FAE04EC0-301F-11D3-BF4B-00C04F79EFBC}") = "06. QuadraticEquation", "06. QuadraticEquation\06. QuadraticEquation.csproj", "{F7E1AF3A-93CD-4D9D-A7CF-0E21DE4C372D}"
EndProject
Project("{FAE04EC0-301F-11D3-BF4B-00C04F79EFBC}") = "07. SumNumbers", "07. SumNumbers\07. SumNumbers.csproj", "{C5CA572E-C436-4414-925E-BC196869C14C}"
EndProject
Project("{FAE04EC0-301F-11D3-BF4B-00C04F79EFBC}") = "08. PrintsAllNumbersToN", "08. PrintsAllNumbersToN\08. PrintsAllNumbersToN.csproj", "{7D8704AE-87AD-46F5-AAA3-3EE8ECE30F8F}"
EndProject
Project("{FAE04EC0-301F-11D3-BF4B-00C04F79EFBC}") = "09. SequenceOfFibonacci", "09. SequenceOfFibonacci\09. SequenceOfFibonacci.csproj", "{E4C517B4-F7C5-4F3E-9FE0-5EE6AF4C00BB}"
EndProject
Project("{FAE04EC0-301F-11D3-BF4B-00C04F79EFBC}") = "10. CalculateTheSum", "10. CalculateTheSum\10. CalculateTheSum.csproj", "{E8951E69-2507-45B6-A7DC-C782669547FF}"
EndProject
Global
	GlobalSection(SolutionConfigurationPlatforms) = preSolution
		Debug|Any CPU = Debug|Any CPU
		Release|Any CPU = Release|Any CPU
	EndGlobalSection
	GlobalSection(ProjectConfigurationPlatforms) = postSolution
		{1E5BB35A-1B11-4923-AF48-154FFD4C8D8E}.Debug|Any CPU.ActiveCfg = Debug|Any CPU
		{1E5BB35A-1B11-4923-AF48-154FFD4C8D8E}.Debug|Any CPU.Build.0 = Debug|Any CPU
		{1E5BB35A-1B11-4923-AF48-154FFD4C8D8E}.Release|Any CPU.ActiveCfg = Release|Any CPU
		{1E5BB35A-1B11-4923-AF48-154FFD4C8D8E}.Release|Any CPU.Build.0 = Release|Any CPU
		{0D33CF37-A0CE-4014-90CE-1FF78D52726A}.Debug|Any CPU.ActiveCfg = Debug|Any CPU
		{0D33CF37-A0CE-4014-90CE-1FF78D52726A}.Debug|Any CPU.Build.0 = Debug|Any CPU
		{0D33CF37-A0CE-4014-90CE-1FF78D52726A}.Release|Any CPU.ActiveCfg = Release|Any CPU
		{0D33CF37-A0CE-4014-90CE-1FF78D52726A}.Release|Any CPU.Build.0 = Release|Any CPU
		{11EE6082-308D-41F2-9AF0-06F0B118BD88}.Debug|Any CPU.ActiveCfg = Debug|Any CPU
		{11EE6082-308D-41F2-9AF0-06F0B118BD88}.Debug|Any CPU.Build.0 = Debug|Any CPU
		{11EE6082-308D-41F2-9AF0-06F0B118BD88}.Release|Any CPU.ActiveCfg = Release|Any CPU
		{11EE6082-308D-41F2-9AF0-06F0B118BD88}.Release|Any CPU.Build.0 = Release|Any CPU
		{228D12A7-CF0E-4202-ACE9-2DACA5D40DF9}.Debug|Any CPU.ActiveCfg = Debug|Any CPU
		{228D12A7-CF0E-4202-ACE9-2DACA5D40DF9}.Debug|Any CPU.Build.0 = Debug|Any CPU
		{228D12A7-CF0E-4202-ACE9-2DACA5D40DF9}.Release|Any CPU.ActiveCfg = Release|Any CPU
		{228D12A7-CF0E-4202-ACE9-2DACA5D40DF9}.Release|Any CPU.Build.0 = Release|Any CPU
		{20C7C45E-84EE-415B-A483-3F648D642AA9}.Debug|Any CPU.ActiveCfg = Debug|Any CPU
		{20C7C45E-84EE-415B-A483-3F648D642AA9}.Debug|Any CPU.Build.0 = Debug|Any CPU
		{20C7C45E-84EE-415B-A483-3F648D642AA9}.Release|Any CPU.ActiveCfg = Release|Any CPU
		{20C7C45E-84EE-415B-A483-3F648D642AA9}.Release|Any CPU.Build.0 = Release|Any CPU
		{F7E1AF3A-93CD-4D9D-A7CF-0E21DE4C372D}.Debug|Any CPU.ActiveCfg = Debug|Any CPU
		{F7E1AF3A-93CD-4D9D-A7CF-0E21DE4C372D}.Debug|Any CPU.Build.0 = Debug|Any CPU
		{F7E1AF3A-93CD-4D9D-A7CF-0E21DE4C372D}.Release|Any CPU.ActiveCfg = Release|Any CPU
		{F7E1AF3A-93CD-4D9D-A7CF-0E21DE4C372D}.Release|Any CPU.Build.0 = Release|Any CPU
		{C5CA572E-C436-4414-925E-BC196869C14C}.Debug|Any CPU.ActiveCfg = Debug|Any CPU
		{C5CA572E-C436-4414-925E-BC196869C14C}.Debug|Any CPU.Build.0 = Debug|Any CPU
		{C5CA572E-C436-4414-925E-BC196869C14C}.Release|Any CPU.ActiveCfg = Release|Any CPU
		{C5CA572E-C436-4414-925E-BC196869C14C}.Release|Any CPU.Build.0 = Release|Any CPU
		{7D8704AE-87AD-46F5-AAA3-3EE8ECE30F8F}.Debug|Any CPU.ActiveCfg = Debug|Any CPU
		{7D8704AE-87AD-46F5-AAA3-3EE8ECE30F8F}.Debug|Any CPU.Build.0 = Debug|Any CPU
		{7D8704AE-87AD-46F5-AAA3-3EE8ECE30F8F}.Release|Any CPU.ActiveCfg = Release|Any CPU
		{7D8704AE-87AD-46F5-AAA3-3EE8ECE30F8F}.Release|Any CPU.Build.0 = Release|Any CPU
		{E4C517B4-F7C5-4F3E-9FE0-5EE6AF4C00BB}.Debug|Any CPU.ActiveCfg = Debug|Any CPU
		{E4C517B4-F7C5-4F3E-9FE0-5EE6AF4C00BB}.Debug|Any CPU.Build.0 = Debug|Any CPU
		{E4C517B4-F7C5-4F3E-9FE0-5EE6AF4C00BB}.Release|Any CPU.ActiveCfg = Release|Any CPU
		{E4C517B4-F7C5-4F3E-9FE0-5EE6AF4C00BB}.Release|Any CPU.Build.0 = Release|Any CPU
		{E8951E69-2507-45B6-A7DC-C782669547FF}.Debug|Any CPU.ActiveCfg = Debug|Any CPU
		{E8951E69-2507-45B6-A7DC-C782669547FF}.Debug|Any CPU.Build.0 = Debug|Any CPU
		{E8951E69-2507-45B6-A7DC-C782669547FF}.Release|Any CPU.ActiveCfg = Release|Any CPU
		{E8951E69-2507-45B6-A7DC-C782669547FF}.Release|Any CPU.Build.0 = Release|Any CPU
	EndGlobalSection
	GlobalSection(SolutionProperties) = preSolution
		HideSolutionNode = FALSE
	EndGlobalSection
EndGlobal
